
Microsoft Visual Studio Solution File, Format Version 12.00
# Visual Studio 15
VisualStudioVersion = 15.0.27004.2009
MinimumVisualStudioVersion = 10.0.40219.1
Project("{2150E333-8FDC-42A3-9474-1A3956D46DE8}") = "src", "src", "{29383AD3-C5DF-45D3-8D5A-A6F74EA7F438}"
EndProject
Project("{9A19103F-16F7-4668-BE54-9A1E7A4F7556}") = "LagoVista.IoT.DeviceManagement.Core", "src\LagoVista.IoT.DeviceManagement.Core\LagoVista.IoT.DeviceManagement.Core.csproj", "{E8B55B8C-7D4A-4149-9065-C8AEE8223E06}"
EndProject
Project("{9A19103F-16F7-4668-BE54-9A1E7A4F7556}") = "LagoVista.IoT.DeviceManagement.Repos", "src\LagoVista.IoT.DeviceManagement.Repos\LagoVista.IoT.DeviceManagement.Repos.csproj", "{88DA7FF3-ADEB-4EA8-89B9-F0E3D4AA0A5D}"
EndProject
Project("{9A19103F-16F7-4668-BE54-9A1E7A4F7556}") = "LagoVista.IoT.DeviceManagement.Rest", "src\LagoVista.IoT.DeviceManagement.Rest\LagoVista.IoT.DeviceManagement.Rest.csproj", "{D14901BB-D8E6-4D6F-B0D7-F08552CD43F2}"
EndProject
Project("{2150E333-8FDC-42A3-9474-1A3956D46DE8}") = "Tests", "Tests", "{47C11A4F-CB96-41A7-B590-54A77E209CA8}"
EndProject
Project("{9A19103F-16F7-4668-BE54-9A1E7A4F7556}") = "LagoVista.IoT.DeviceManagement.Core.Tests", "tests\LagoVista.IoT.DeviceManagement.Core.Tests\LagoVista.IoT.DeviceManagement.Core.Tests.csproj", "{4F1E6D12-9976-4E66-BEBE-67C431E7B849}"
EndProject
Project("{9A19103F-16F7-4668-BE54-9A1E7A4F7556}") = "LagoVista.IoT.DeviceManagement.Models", "src\LagoVista.IoT.DeviceManagement.Models\LagoVista.IoT.DeviceManagement.Models.csproj", "{EE54EB55-667C-47C9-9B9E-A9B29E646C45}"
EndProject
Project("{9A19103F-16F7-4668-BE54-9A1E7A4F7556}") = "LagoVista.IoT.DeviceManagement.MediaIntegrationTests", "tests\LagoVista.IoT.DeviceManagement.MediaIntegrationTests\LagoVista.IoT.DeviceManagement.MediaIntegrationTests.csproj", "{1940D07B-25E2-46C3-8B64-1E5D9757581D}"
EndProject
Project("{9A19103F-16F7-4668-BE54-9A1E7A4F7556}") = "LagoVista.IoT.DeviceManagement.Rpc.Tests", "tests\LagoVista.IoT.DeviceManagement.Rpc.Tests\LagoVista.IoT.DeviceManagement.Rpc.Tests.csproj", "{C2087475-1190-4641-AC34-A035D1DDDB7F}"
EndProject
Global
	GlobalSection(SolutionConfigurationPlatforms) = preSolution
		Debug|Any CPU = Debug|Any CPU
		Release|Any CPU = Release|Any CPU
	EndGlobalSection
	GlobalSection(ProjectConfigurationPlatforms) = postSolution
		{E8B55B8C-7D4A-4149-9065-C8AEE8223E06}.Debug|Any CPU.ActiveCfg = Debug|Any CPU
		{E8B55B8C-7D4A-4149-9065-C8AEE8223E06}.Debug|Any CPU.Build.0 = Debug|Any CPU
		{E8B55B8C-7D4A-4149-9065-C8AEE8223E06}.Release|Any CPU.ActiveCfg = Release|Any CPU
		{E8B55B8C-7D4A-4149-9065-C8AEE8223E06}.Release|Any CPU.Build.0 = Release|Any CPU
		{88DA7FF3-ADEB-4EA8-89B9-F0E3D4AA0A5D}.Debug|Any CPU.ActiveCfg = Debug|Any CPU
		{88DA7FF3-ADEB-4EA8-89B9-F0E3D4AA0A5D}.Debug|Any CPU.Build.0 = Debug|Any CPU
		{88DA7FF3-ADEB-4EA8-89B9-F0E3D4AA0A5D}.Release|Any CPU.ActiveCfg = Release|Any CPU
		{88DA7FF3-ADEB-4EA8-89B9-F0E3D4AA0A5D}.Release|Any CPU.Build.0 = Release|Any CPU
		{D14901BB-D8E6-4D6F-B0D7-F08552CD43F2}.Debug|Any CPU.ActiveCfg = Debug|Any CPU
		{D14901BB-D8E6-4D6F-B0D7-F08552CD43F2}.Debug|Any CPU.Build.0 = Debug|Any CPU
		{D14901BB-D8E6-4D6F-B0D7-F08552CD43F2}.Release|Any CPU.ActiveCfg = Release|Any CPU
		{D14901BB-D8E6-4D6F-B0D7-F08552CD43F2}.Release|Any CPU.Build.0 = Release|Any CPU
		{4F1E6D12-9976-4E66-BEBE-67C431E7B849}.Debug|Any CPU.ActiveCfg = Debug|Any CPU
		{4F1E6D12-9976-4E66-BEBE-67C431E7B849}.Debug|Any CPU.Build.0 = Debug|Any CPU
		{4F1E6D12-9976-4E66-BEBE-67C431E7B849}.Release|Any CPU.ActiveCfg = Release|Any CPU
		{4F1E6D12-9976-4E66-BEBE-67C431E7B849}.Release|Any CPU.Build.0 = Release|Any CPU
		{EE54EB55-667C-47C9-9B9E-A9B29E646C45}.Debug|Any CPU.ActiveCfg = Debug|Any CPU
		{EE54EB55-667C-47C9-9B9E-A9B29E646C45}.Debug|Any CPU.Build.0 = Debug|Any CPU
		{EE54EB55-667C-47C9-9B9E-A9B29E646C45}.Release|Any CPU.ActiveCfg = Release|Any CPU
		{EE54EB55-667C-47C9-9B9E-A9B29E646C45}.Release|Any CPU.Build.0 = Release|Any CPU
		{1940D07B-25E2-46C3-8B64-1E5D9757581D}.Debug|Any CPU.ActiveCfg = Debug|Any CPU
		{1940D07B-25E2-46C3-8B64-1E5D9757581D}.Debug|Any CPU.Build.0 = Debug|Any CPU
		{1940D07B-25E2-46C3-8B64-1E5D9757581D}.Release|Any CPU.ActiveCfg = Release|Any CPU
		{1940D07B-25E2-46C3-8B64-1E5D9757581D}.Release|Any CPU.Build.0 = Release|Any CPU
		{C2087475-1190-4641-AC34-A035D1DDDB7F}.Debug|Any CPU.ActiveCfg = Debug|Any CPU
		{C2087475-1190-4641-AC34-A035D1DDDB7F}.Debug|Any CPU.Build.0 = Debug|Any CPU
		{C2087475-1190-4641-AC34-A035D1DDDB7F}.Release|Any CPU.ActiveCfg = Release|Any CPU
		{C2087475-1190-4641-AC34-A035D1DDDB7F}.Release|Any CPU.Build.0 = Release|Any CPU
	EndGlobalSection
	GlobalSection(SolutionProperties) = preSolution
		HideSolutionNode = FALSE
	EndGlobalSection
	GlobalSection(NestedProjects) = preSolution
		{E8B55B8C-7D4A-4149-9065-C8AEE8223E06} = {29383AD3-C5DF-45D3-8D5A-A6F74EA7F438}
		{88DA7FF3-ADEB-4EA8-89B9-F0E3D4AA0A5D} = {29383AD3-C5DF-45D3-8D5A-A6F74EA7F438}
		{D14901BB-D8E6-4D6F-B0D7-F08552CD43F2} = {29383AD3-C5DF-45D3-8D5A-A6F74EA7F438}
		{4F1E6D12-9976-4E66-BEBE-67C431E7B849} = {47C11A4F-CB96-41A7-B590-54A77E209CA8}
		{EE54EB55-667C-47C9-9B9E-A9B29E646C45} = {29383AD3-C5DF-45D3-8D5A-A6F74EA7F438}
		{1940D07B-25E2-46C3-8B64-1E5D9757581D} = {47C11A4F-CB96-41A7-B590-54A77E209CA8}
		{C2087475-1190-4641-AC34-A035D1DDDB7F} = {47C11A4F-CB96-41A7-B590-54A77E209CA8}
	EndGlobalSection
	GlobalSection(ExtensibilityGlobals) = postSolution
		SolutionGuid = {D668ED7B-81DC-4922-B64B-32E92439E71E}
	EndGlobalSection
EndGlobal
