
Microsoft Visual Studio Solution File, Format Version 12.00
# Visual Studio 15
VisualStudioVersion = 15.0.26403.7
MinimumVisualStudioVersion = 10.0.40219.1
Project("{2150E333-8FDC-42A3-9474-1A3956D46DE8}") = "Solution Items", "Solution Items", "{6D34A3F0-5405-41FB-B4DC-8C712AFED79F}"
	ProjectSection(SolutionItems) = preProject
		README.md = README.md
	EndProjectSection
EndProject
Project("{2150E333-8FDC-42A3-9474-1A3956D46DE8}") = "src", "src", "{4C43EF6A-8460-462A-9D03-D39D675AABAB}"
EndProject
Project("{2150E333-8FDC-42A3-9474-1A3956D46DE8}") = "Pipeline", "Pipeline", "{5E506BB7-425B-45C9-ACAA-9F75201653BB}"
EndProject
Project("{2150E333-8FDC-42A3-9474-1A3956D46DE8}") = "Deployment", "Deployment", "{F928EE67-790C-491F-893E-04FFCE3FFCE5}"
EndProject
Project("{9A19103F-16F7-4668-BE54-9A1E7A4F7556}") = "LagoVista.IoT.Deployment.Admin", "src\LagoVista.IoT.Deployment.Admin\LagoVista.IoT.Deployment.Admin.csproj", "{916605F9-ECC7-469C-B74E-BD8B86B0C6C6}"
EndProject
Project("{9A19103F-16F7-4668-BE54-9A1E7A4F7556}") = "LagoVista.IoT.Pipeline.Admin", "src\LagoVista.IoT.Pipeline.Admin\LagoVista.IoT.Pipeline.Admin.csproj", "{EAE9E0A0-2920-4C16-9A1D-A7AD2DCF7418}"
EndProject
Project("{9A19103F-16F7-4668-BE54-9A1E7A4F7556}") = "LagoVista.IoT.Pipeline.Standard", "src\LagoVista.IoT.Pipeline.Standard\LagoVista.IoT.Pipeline.Standard.csproj", "{41AB4B52-EFD9-4F76-8113-F8580BADC1B8}"
EndProject
Project("{9A19103F-16F7-4668-BE54-9A1E7A4F7556}") = "LagoVista.IoT.Pipeline.CloudRepos", "src\LagoVista.IoT.Pipeline.CloudRepos\LagoVista.IoT.Pipeline.CloudRepos.csproj", "{AA4C9A57-AE01-4BEF-BBE1-BCC21A9BA44B}"
EndProject
Project("{9A19103F-16F7-4668-BE54-9A1E7A4F7556}") = "LagoVista.IoT.Deployment.CloudRepos", "src\LagoVista.IoT.Deployment.CloudRepos\LagoVista.IoT.Deployment.CloudRepos.csproj", "{058E77CC-4A48-4383-AC52-5EA28CD126E9}"
EndProject
Project("{9A19103F-16F7-4668-BE54-9A1E7A4F7556}") = "LagoVista.IoT.Deployment.Admin.Rest", "src\LagoVista.IoT.Deployment.Admin.Rest\LagoVista.IoT.Deployment.Admin.Rest.csproj", "{CF1250B0-083A-4083-B32A-70ACDCEE8A2C}"
EndProject
Project("{9A19103F-16F7-4668-BE54-9A1E7A4F7556}") = "LagoVista.IoT.Pipeline.Admin.Rest", "src\LagoVista.IoT.Pipeline.Admin.Rest\LagoVista.IoT.Pipeline.Admin.Rest.csproj", "{BE09A887-C75F-4038-BD26-5B9AAA049ECD}"
EndProject
Project("{2150E333-8FDC-42A3-9474-1A3956D46DE8}") = "Runtime", "Runtime", "{B8D52BD4-E51F-4115-BF6F-B2460C023322}"
EndProject
Project("{9A19103F-16F7-4668-BE54-9A1E7A4F7556}") = "LagoVista.IoT.Runtime.Core", "src\LagoVista.IoT.Runtime.Core\LagoVista.IoT.Runtime.Core.csproj", "{A726D91E-AE79-4A91-9C22-9259A1C9D1F0}"
EndProject
Project("{9A19103F-16F7-4668-BE54-9A1E7A4F7556}") = "LagoVista.IoT.Runtime.Small", "src\LagoVista.IoT.Runtime.Small\LagoVista.IoT.Runtime.Small.csproj", "{E240D0C4-12B1-468C-91FF-2531F199A1F4}"
EndProject
Project("{9A19103F-16F7-4668-BE54-9A1E7A4F7556}") = "LagoVista.IoT.Runtime.Small.Host", "src\LagoVista.IoT.Runtime.Small.Host\LagoVista.IoT.Runtime.Small.Host.csproj", "{70B38E84-8E67-4A9B-B16A-04246F715E1A}"
EndProject
Project("{2150E333-8FDC-42A3-9474-1A3956D46DE8}") = "Simulator Support", "Simulator Support", "{D7083BBC-AE91-4C03-9587-1F4075F9CE56}"
EndProject
Project("{FAE04EC0-301F-11D3-BF4B-00C04F79EFBC}") = "LagoVista.IoT.Simulator.Admin", "src\LagoVista.IoT.Simulator.Admin\LagoVista.IoT.Simulator.Admin.csproj", "{5F633B18-76F4-4EF4-85FC-F9F306EF418A}"
EndProject
Project("{FAE04EC0-301F-11D3-BF4B-00C04F79EFBC}") = "LagoVista.IoT.Simulator.Admin.Rest", "src\LagoVista.IoT.Simulator.Admin.Rest\LagoVista.IoT.Simulator.Admin.Rest.csproj", "{960791E0-044D-4127-9CA4-0617CEB5EFC0}"
EndProject
Project("{FAE04EC0-301F-11D3-BF4B-00C04F79EFBC}") = "LagoVista.IoT.Simulator.CloudRepos", "src\LagoVista.IoT.Simulator.CloudRepos\LagoVista.IoT.Simulator.CloudRepos.csproj", "{D7BA2989-C9BB-47D5-98EA-4332B33E6919}"
EndProject
Project("{2150E333-8FDC-42A3-9474-1A3956D46DE8}") = "tests", "tests", "{65630E2F-720E-4022-B06D-F4EEC25C0E0B}"
EndProject
Project("{9A19103F-16F7-4668-BE54-9A1E7A4F7556}") = "LagoVista.IoT.Pipeline.Tests", "tests\LagoVista.IoT.Pipeline.Tests\LagoVista.IoT.Pipeline.Tests.csproj", "{2171A441-0009-4412-8AE7-C47BA6726345}"
EndProject
Project("{2150E333-8FDC-42A3-9474-1A3956D46DE8}") = "DeviceManagement", "DeviceManagement", "{62463AE1-D41D-41E2-8C0C-A1235A7BFBD8}"
EndProject
Project("{FAE04EC0-301F-11D3-BF4B-00C04F79EFBC}") = "LagoVista.IoT.DeviceManagement.Core", "src\LagoVista.IoT.DeviceManagement.Core\LagoVista.IoT.DeviceManagement.Core.csproj", "{DC431214-6BA4-45E6-A151-299222F0545A}"
EndProject
Project("{FAE04EC0-301F-11D3-BF4B-00C04F79EFBC}") = "LagoVista.IoT.Logging", "src\LagoVista.IoT.Logging\LagoVista.IoT.Logging.csproj", "{A1D38DD6-7AFC-4043-A023-D546EE885696}"
EndProject
Project("{2150E333-8FDC-42A3-9474-1A3956D46DE8}") = "Verifiers", "Verifiers", "{1CA3E755-CE17-4290-8B52-790522166211}"
EndProject
Project("{FAE04EC0-301F-11D3-BF4B-00C04F79EFBC}") = "LagoVista.IoT.Verifiers", "src\LagoVista.IoT.Verifiers\LagoVista.IoT.Verifiers.csproj", "{009C2B2B-7918-4986-AE87-E2B715B04CAC}"
EndProject
Project("{FAE04EC0-301F-11D3-BF4B-00C04F79EFBC}") = "LagoVista.IoT.Verifiers.Rest", "src\LagoVista.IoT.Verifiers.Rest\LagoVista.IoT.Verifiers.Rest.csproj", "{D18CB468-CD93-4F1C-939B-2A2D68332874}"
EndProject
Project("{9A19103F-16F7-4668-BE54-9A1E7A4F7556}") = "LagoVista.IoT.Verifiers.Tests", "tests\LagoVista.IoT.Verifiers.Tests\LagoVista.IoT.Verifiers.Tests.csproj", "{D13ABBA5-18EB-4D3C-AA8B-F377042229AB}"
EndProject
Project("{FAE04EC0-301F-11D3-BF4B-00C04F79EFBC}") = "LagoVista.IoT.DeviceManagement.Rest", "src\LagoVista.IoT.DeviceManagement.Rest\LagoVista.IoT.DeviceManagement.Rest.csproj", "{A9FF7F8C-EE85-427C-BFDF-A30924EE34C3}"
EndProject
Project("{FAE04EC0-301F-11D3-BF4B-00C04F79EFBC}") = "LagoVista.IoT.DeviceManagement.Repos", "src\LagoVista.IoT.DeviceManagement.Repos\LagoVista.IoT.DeviceManagement.Repos.csproj", "{69848EA8-E9B8-41D9-A0E5-1A6E11C721AB}"
EndProject
Project("{9A19103F-16F7-4668-BE54-9A1E7A4F7556}") = "LagoVista.IoT.Verifiers.CloudRepos", "src\LagoVista.IoT.Verifiers.CloudRepos\LagoVista.IoT.Verifiers.CloudRepos.csproj", "{0DF5F060-31D2-4351-9507-96EEFB95B541}"
EndProject
Project("{FAE04EC0-301F-11D3-BF4B-00C04F79EFBC}") = "LagoVista.IoT.Runtime.Shared", "src\LagoVista.IoT.Runtime.Shared\LagoVista.IoT.Runtime.Shared.csproj", "{8517A9EE-E5A7-4A80-A696-8DE09210F195}"
EndProject
Project("{FAE04EC0-301F-11D3-BF4B-00C04F79EFBC}") = "LagoVista.IoT.Runtime.Shared.Host", "src\LagoVista.IoT.Runtime.Shared.Host\LagoVista.IoT.Runtime.Shared.Host.csproj", "{B0C5E765-CD83-40B2-AB8E-7CB971D7EE8E}"
EndProject
Global
	GlobalSection(SolutionConfigurationPlatforms) = preSolution
		Debug|Any CPU = Debug|Any CPU
		Debug|ARM = Debug|ARM
		Debug|x64 = Debug|x64
		Debug|x86 = Debug|x86
		Release|Any CPU = Release|Any CPU
		Release|ARM = Release|ARM
		Release|x64 = Release|x64
		Release|x86 = Release|x86
	EndGlobalSection
	GlobalSection(ProjectConfigurationPlatforms) = postSolution
		{916605F9-ECC7-469C-B74E-BD8B86B0C6C6}.Debug|Any CPU.ActiveCfg = Debug|Any CPU
		{916605F9-ECC7-469C-B74E-BD8B86B0C6C6}.Debug|Any CPU.Build.0 = Debug|Any CPU
		{916605F9-ECC7-469C-B74E-BD8B86B0C6C6}.Debug|ARM.ActiveCfg = Debug|Any CPU
		{916605F9-ECC7-469C-B74E-BD8B86B0C6C6}.Debug|ARM.Build.0 = Debug|Any CPU
		{916605F9-ECC7-469C-B74E-BD8B86B0C6C6}.Debug|x64.ActiveCfg = Debug|Any CPU
		{916605F9-ECC7-469C-B74E-BD8B86B0C6C6}.Debug|x64.Build.0 = Debug|Any CPU
		{916605F9-ECC7-469C-B74E-BD8B86B0C6C6}.Debug|x86.ActiveCfg = Debug|Any CPU
		{916605F9-ECC7-469C-B74E-BD8B86B0C6C6}.Debug|x86.Build.0 = Debug|Any CPU
		{916605F9-ECC7-469C-B74E-BD8B86B0C6C6}.Release|Any CPU.ActiveCfg = Release|Any CPU
		{916605F9-ECC7-469C-B74E-BD8B86B0C6C6}.Release|Any CPU.Build.0 = Release|Any CPU
		{916605F9-ECC7-469C-B74E-BD8B86B0C6C6}.Release|ARM.ActiveCfg = Release|Any CPU
		{916605F9-ECC7-469C-B74E-BD8B86B0C6C6}.Release|ARM.Build.0 = Release|Any CPU
		{916605F9-ECC7-469C-B74E-BD8B86B0C6C6}.Release|x64.ActiveCfg = Release|Any CPU
		{916605F9-ECC7-469C-B74E-BD8B86B0C6C6}.Release|x64.Build.0 = Release|Any CPU
		{916605F9-ECC7-469C-B74E-BD8B86B0C6C6}.Release|x86.ActiveCfg = Release|Any CPU
		{916605F9-ECC7-469C-B74E-BD8B86B0C6C6}.Release|x86.Build.0 = Release|Any CPU
		{EAE9E0A0-2920-4C16-9A1D-A7AD2DCF7418}.Debug|Any CPU.ActiveCfg = Debug|Any CPU
		{EAE9E0A0-2920-4C16-9A1D-A7AD2DCF7418}.Debug|Any CPU.Build.0 = Debug|Any CPU
		{EAE9E0A0-2920-4C16-9A1D-A7AD2DCF7418}.Debug|ARM.ActiveCfg = Debug|Any CPU
		{EAE9E0A0-2920-4C16-9A1D-A7AD2DCF7418}.Debug|ARM.Build.0 = Debug|Any CPU
		{EAE9E0A0-2920-4C16-9A1D-A7AD2DCF7418}.Debug|x64.ActiveCfg = Debug|Any CPU
		{EAE9E0A0-2920-4C16-9A1D-A7AD2DCF7418}.Debug|x64.Build.0 = Debug|Any CPU
		{EAE9E0A0-2920-4C16-9A1D-A7AD2DCF7418}.Debug|x86.ActiveCfg = Debug|Any CPU
		{EAE9E0A0-2920-4C16-9A1D-A7AD2DCF7418}.Debug|x86.Build.0 = Debug|Any CPU
		{EAE9E0A0-2920-4C16-9A1D-A7AD2DCF7418}.Release|Any CPU.ActiveCfg = Release|Any CPU
		{EAE9E0A0-2920-4C16-9A1D-A7AD2DCF7418}.Release|Any CPU.Build.0 = Release|Any CPU
		{EAE9E0A0-2920-4C16-9A1D-A7AD2DCF7418}.Release|ARM.ActiveCfg = Release|Any CPU
		{EAE9E0A0-2920-4C16-9A1D-A7AD2DCF7418}.Release|ARM.Build.0 = Release|Any CPU
		{EAE9E0A0-2920-4C16-9A1D-A7AD2DCF7418}.Release|x64.ActiveCfg = Release|Any CPU
		{EAE9E0A0-2920-4C16-9A1D-A7AD2DCF7418}.Release|x64.Build.0 = Release|Any CPU
		{EAE9E0A0-2920-4C16-9A1D-A7AD2DCF7418}.Release|x86.ActiveCfg = Release|Any CPU
		{EAE9E0A0-2920-4C16-9A1D-A7AD2DCF7418}.Release|x86.Build.0 = Release|Any CPU
		{41AB4B52-EFD9-4F76-8113-F8580BADC1B8}.Debug|Any CPU.ActiveCfg = Debug|Any CPU
		{41AB4B52-EFD9-4F76-8113-F8580BADC1B8}.Debug|Any CPU.Build.0 = Debug|Any CPU
		{41AB4B52-EFD9-4F76-8113-F8580BADC1B8}.Debug|ARM.ActiveCfg = Debug|Any CPU
		{41AB4B52-EFD9-4F76-8113-F8580BADC1B8}.Debug|ARM.Build.0 = Debug|Any CPU
		{41AB4B52-EFD9-4F76-8113-F8580BADC1B8}.Debug|x64.ActiveCfg = Debug|Any CPU
		{41AB4B52-EFD9-4F76-8113-F8580BADC1B8}.Debug|x64.Build.0 = Debug|Any CPU
		{41AB4B52-EFD9-4F76-8113-F8580BADC1B8}.Debug|x86.ActiveCfg = Debug|Any CPU
		{41AB4B52-EFD9-4F76-8113-F8580BADC1B8}.Debug|x86.Build.0 = Debug|Any CPU
		{41AB4B52-EFD9-4F76-8113-F8580BADC1B8}.Release|Any CPU.ActiveCfg = Release|Any CPU
		{41AB4B52-EFD9-4F76-8113-F8580BADC1B8}.Release|Any CPU.Build.0 = Release|Any CPU
		{41AB4B52-EFD9-4F76-8113-F8580BADC1B8}.Release|ARM.ActiveCfg = Release|Any CPU
		{41AB4B52-EFD9-4F76-8113-F8580BADC1B8}.Release|ARM.Build.0 = Release|Any CPU
		{41AB4B52-EFD9-4F76-8113-F8580BADC1B8}.Release|x64.ActiveCfg = Release|Any CPU
		{41AB4B52-EFD9-4F76-8113-F8580BADC1B8}.Release|x64.Build.0 = Release|Any CPU
		{41AB4B52-EFD9-4F76-8113-F8580BADC1B8}.Release|x86.ActiveCfg = Release|Any CPU
		{41AB4B52-EFD9-4F76-8113-F8580BADC1B8}.Release|x86.Build.0 = Release|Any CPU
		{AA4C9A57-AE01-4BEF-BBE1-BCC21A9BA44B}.Debug|Any CPU.ActiveCfg = Debug|Any CPU
		{AA4C9A57-AE01-4BEF-BBE1-BCC21A9BA44B}.Debug|Any CPU.Build.0 = Debug|Any CPU
		{AA4C9A57-AE01-4BEF-BBE1-BCC21A9BA44B}.Debug|ARM.ActiveCfg = Debug|Any CPU
		{AA4C9A57-AE01-4BEF-BBE1-BCC21A9BA44B}.Debug|ARM.Build.0 = Debug|Any CPU
		{AA4C9A57-AE01-4BEF-BBE1-BCC21A9BA44B}.Debug|x64.ActiveCfg = Debug|Any CPU
		{AA4C9A57-AE01-4BEF-BBE1-BCC21A9BA44B}.Debug|x64.Build.0 = Debug|Any CPU
		{AA4C9A57-AE01-4BEF-BBE1-BCC21A9BA44B}.Debug|x86.ActiveCfg = Debug|Any CPU
		{AA4C9A57-AE01-4BEF-BBE1-BCC21A9BA44B}.Debug|x86.Build.0 = Debug|Any CPU
		{AA4C9A57-AE01-4BEF-BBE1-BCC21A9BA44B}.Release|Any CPU.ActiveCfg = Release|Any CPU
		{AA4C9A57-AE01-4BEF-BBE1-BCC21A9BA44B}.Release|Any CPU.Build.0 = Release|Any CPU
		{AA4C9A57-AE01-4BEF-BBE1-BCC21A9BA44B}.Release|ARM.ActiveCfg = Release|Any CPU
		{AA4C9A57-AE01-4BEF-BBE1-BCC21A9BA44B}.Release|ARM.Build.0 = Release|Any CPU
		{AA4C9A57-AE01-4BEF-BBE1-BCC21A9BA44B}.Release|x64.ActiveCfg = Release|Any CPU
		{AA4C9A57-AE01-4BEF-BBE1-BCC21A9BA44B}.Release|x64.Build.0 = Release|Any CPU
		{AA4C9A57-AE01-4BEF-BBE1-BCC21A9BA44B}.Release|x86.ActiveCfg = Release|Any CPU
		{AA4C9A57-AE01-4BEF-BBE1-BCC21A9BA44B}.Release|x86.Build.0 = Release|Any CPU
		{058E77CC-4A48-4383-AC52-5EA28CD126E9}.Debug|Any CPU.ActiveCfg = Debug|Any CPU
		{058E77CC-4A48-4383-AC52-5EA28CD126E9}.Debug|Any CPU.Build.0 = Debug|Any CPU
		{058E77CC-4A48-4383-AC52-5EA28CD126E9}.Debug|ARM.ActiveCfg = Debug|Any CPU
		{058E77CC-4A48-4383-AC52-5EA28CD126E9}.Debug|ARM.Build.0 = Debug|Any CPU
		{058E77CC-4A48-4383-AC52-5EA28CD126E9}.Debug|x64.ActiveCfg = Debug|Any CPU
		{058E77CC-4A48-4383-AC52-5EA28CD126E9}.Debug|x64.Build.0 = Debug|Any CPU
		{058E77CC-4A48-4383-AC52-5EA28CD126E9}.Debug|x86.ActiveCfg = Debug|Any CPU
		{058E77CC-4A48-4383-AC52-5EA28CD126E9}.Debug|x86.Build.0 = Debug|Any CPU
		{058E77CC-4A48-4383-AC52-5EA28CD126E9}.Release|Any CPU.ActiveCfg = Release|Any CPU
		{058E77CC-4A48-4383-AC52-5EA28CD126E9}.Release|Any CPU.Build.0 = Release|Any CPU
		{058E77CC-4A48-4383-AC52-5EA28CD126E9}.Release|ARM.ActiveCfg = Release|Any CPU
		{058E77CC-4A48-4383-AC52-5EA28CD126E9}.Release|ARM.Build.0 = Release|Any CPU
		{058E77CC-4A48-4383-AC52-5EA28CD126E9}.Release|x64.ActiveCfg = Release|Any CPU
		{058E77CC-4A48-4383-AC52-5EA28CD126E9}.Release|x64.Build.0 = Release|Any CPU
		{058E77CC-4A48-4383-AC52-5EA28CD126E9}.Release|x86.ActiveCfg = Release|Any CPU
		{058E77CC-4A48-4383-AC52-5EA28CD126E9}.Release|x86.Build.0 = Release|Any CPU
		{CF1250B0-083A-4083-B32A-70ACDCEE8A2C}.Debug|Any CPU.ActiveCfg = Debug|Any CPU
		{CF1250B0-083A-4083-B32A-70ACDCEE8A2C}.Debug|Any CPU.Build.0 = Debug|Any CPU
		{CF1250B0-083A-4083-B32A-70ACDCEE8A2C}.Debug|ARM.ActiveCfg = Debug|Any CPU
		{CF1250B0-083A-4083-B32A-70ACDCEE8A2C}.Debug|ARM.Build.0 = Debug|Any CPU
		{CF1250B0-083A-4083-B32A-70ACDCEE8A2C}.Debug|x64.ActiveCfg = Debug|Any CPU
		{CF1250B0-083A-4083-B32A-70ACDCEE8A2C}.Debug|x64.Build.0 = Debug|Any CPU
		{CF1250B0-083A-4083-B32A-70ACDCEE8A2C}.Debug|x86.ActiveCfg = Debug|Any CPU
		{CF1250B0-083A-4083-B32A-70ACDCEE8A2C}.Debug|x86.Build.0 = Debug|Any CPU
		{CF1250B0-083A-4083-B32A-70ACDCEE8A2C}.Release|Any CPU.ActiveCfg = Release|Any CPU
		{CF1250B0-083A-4083-B32A-70ACDCEE8A2C}.Release|Any CPU.Build.0 = Release|Any CPU
		{CF1250B0-083A-4083-B32A-70ACDCEE8A2C}.Release|ARM.ActiveCfg = Release|Any CPU
		{CF1250B0-083A-4083-B32A-70ACDCEE8A2C}.Release|ARM.Build.0 = Release|Any CPU
		{CF1250B0-083A-4083-B32A-70ACDCEE8A2C}.Release|x64.ActiveCfg = Release|Any CPU
		{CF1250B0-083A-4083-B32A-70ACDCEE8A2C}.Release|x64.Build.0 = Release|Any CPU
		{CF1250B0-083A-4083-B32A-70ACDCEE8A2C}.Release|x86.ActiveCfg = Release|Any CPU
		{CF1250B0-083A-4083-B32A-70ACDCEE8A2C}.Release|x86.Build.0 = Release|Any CPU
		{BE09A887-C75F-4038-BD26-5B9AAA049ECD}.Debug|Any CPU.ActiveCfg = Debug|Any CPU
		{BE09A887-C75F-4038-BD26-5B9AAA049ECD}.Debug|Any CPU.Build.0 = Debug|Any CPU
		{BE09A887-C75F-4038-BD26-5B9AAA049ECD}.Debug|ARM.ActiveCfg = Debug|Any CPU
		{BE09A887-C75F-4038-BD26-5B9AAA049ECD}.Debug|ARM.Build.0 = Debug|Any CPU
		{BE09A887-C75F-4038-BD26-5B9AAA049ECD}.Debug|x64.ActiveCfg = Debug|Any CPU
		{BE09A887-C75F-4038-BD26-5B9AAA049ECD}.Debug|x64.Build.0 = Debug|Any CPU
		{BE09A887-C75F-4038-BD26-5B9AAA049ECD}.Debug|x86.ActiveCfg = Debug|Any CPU
		{BE09A887-C75F-4038-BD26-5B9AAA049ECD}.Debug|x86.Build.0 = Debug|Any CPU
		{BE09A887-C75F-4038-BD26-5B9AAA049ECD}.Release|Any CPU.ActiveCfg = Release|Any CPU
		{BE09A887-C75F-4038-BD26-5B9AAA049ECD}.Release|Any CPU.Build.0 = Release|Any CPU
		{BE09A887-C75F-4038-BD26-5B9AAA049ECD}.Release|ARM.ActiveCfg = Release|Any CPU
		{BE09A887-C75F-4038-BD26-5B9AAA049ECD}.Release|ARM.Build.0 = Release|Any CPU
		{BE09A887-C75F-4038-BD26-5B9AAA049ECD}.Release|x64.ActiveCfg = Release|Any CPU
		{BE09A887-C75F-4038-BD26-5B9AAA049ECD}.Release|x64.Build.0 = Release|Any CPU
		{BE09A887-C75F-4038-BD26-5B9AAA049ECD}.Release|x86.ActiveCfg = Release|Any CPU
		{BE09A887-C75F-4038-BD26-5B9AAA049ECD}.Release|x86.Build.0 = Release|Any CPU
		{A726D91E-AE79-4A91-9C22-9259A1C9D1F0}.Debug|Any CPU.ActiveCfg = Debug|Any CPU
		{A726D91E-AE79-4A91-9C22-9259A1C9D1F0}.Debug|Any CPU.Build.0 = Debug|Any CPU
		{A726D91E-AE79-4A91-9C22-9259A1C9D1F0}.Debug|ARM.ActiveCfg = Debug|Any CPU
		{A726D91E-AE79-4A91-9C22-9259A1C9D1F0}.Debug|ARM.Build.0 = Debug|Any CPU
		{A726D91E-AE79-4A91-9C22-9259A1C9D1F0}.Debug|x64.ActiveCfg = Debug|Any CPU
		{A726D91E-AE79-4A91-9C22-9259A1C9D1F0}.Debug|x64.Build.0 = Debug|Any CPU
		{A726D91E-AE79-4A91-9C22-9259A1C9D1F0}.Debug|x86.ActiveCfg = Debug|Any CPU
		{A726D91E-AE79-4A91-9C22-9259A1C9D1F0}.Debug|x86.Build.0 = Debug|Any CPU
		{A726D91E-AE79-4A91-9C22-9259A1C9D1F0}.Release|Any CPU.ActiveCfg = Release|Any CPU
		{A726D91E-AE79-4A91-9C22-9259A1C9D1F0}.Release|Any CPU.Build.0 = Release|Any CPU
		{A726D91E-AE79-4A91-9C22-9259A1C9D1F0}.Release|ARM.ActiveCfg = Release|Any CPU
		{A726D91E-AE79-4A91-9C22-9259A1C9D1F0}.Release|ARM.Build.0 = Release|Any CPU
		{A726D91E-AE79-4A91-9C22-9259A1C9D1F0}.Release|x64.ActiveCfg = Release|Any CPU
		{A726D91E-AE79-4A91-9C22-9259A1C9D1F0}.Release|x64.Build.0 = Release|Any CPU
		{A726D91E-AE79-4A91-9C22-9259A1C9D1F0}.Release|x86.ActiveCfg = Release|Any CPU
		{A726D91E-AE79-4A91-9C22-9259A1C9D1F0}.Release|x86.Build.0 = Release|Any CPU
		{E240D0C4-12B1-468C-91FF-2531F199A1F4}.Debug|Any CPU.ActiveCfg = Debug|Any CPU
		{E240D0C4-12B1-468C-91FF-2531F199A1F4}.Debug|Any CPU.Build.0 = Debug|Any CPU
		{E240D0C4-12B1-468C-91FF-2531F199A1F4}.Debug|ARM.ActiveCfg = Debug|Any CPU
		{E240D0C4-12B1-468C-91FF-2531F199A1F4}.Debug|ARM.Build.0 = Debug|Any CPU
		{E240D0C4-12B1-468C-91FF-2531F199A1F4}.Debug|x64.ActiveCfg = Debug|Any CPU
		{E240D0C4-12B1-468C-91FF-2531F199A1F4}.Debug|x64.Build.0 = Debug|Any CPU
		{E240D0C4-12B1-468C-91FF-2531F199A1F4}.Debug|x86.ActiveCfg = Debug|Any CPU
		{E240D0C4-12B1-468C-91FF-2531F199A1F4}.Debug|x86.Build.0 = Debug|Any CPU
		{E240D0C4-12B1-468C-91FF-2531F199A1F4}.Release|Any CPU.ActiveCfg = Release|Any CPU
		{E240D0C4-12B1-468C-91FF-2531F199A1F4}.Release|Any CPU.Build.0 = Release|Any CPU
		{E240D0C4-12B1-468C-91FF-2531F199A1F4}.Release|ARM.ActiveCfg = Release|Any CPU
		{E240D0C4-12B1-468C-91FF-2531F199A1F4}.Release|ARM.Build.0 = Release|Any CPU
		{E240D0C4-12B1-468C-91FF-2531F199A1F4}.Release|x64.ActiveCfg = Release|Any CPU
		{E240D0C4-12B1-468C-91FF-2531F199A1F4}.Release|x64.Build.0 = Release|Any CPU
		{E240D0C4-12B1-468C-91FF-2531F199A1F4}.Release|x86.ActiveCfg = Release|Any CPU
		{E240D0C4-12B1-468C-91FF-2531F199A1F4}.Release|x86.Build.0 = Release|Any CPU
		{70B38E84-8E67-4A9B-B16A-04246F715E1A}.Debug|Any CPU.ActiveCfg = Debug|Any CPU
		{70B38E84-8E67-4A9B-B16A-04246F715E1A}.Debug|Any CPU.Build.0 = Debug|Any CPU
		{70B38E84-8E67-4A9B-B16A-04246F715E1A}.Debug|ARM.ActiveCfg = Debug|Any CPU
		{70B38E84-8E67-4A9B-B16A-04246F715E1A}.Debug|ARM.Build.0 = Debug|Any CPU
		{70B38E84-8E67-4A9B-B16A-04246F715E1A}.Debug|x64.ActiveCfg = Debug|Any CPU
		{70B38E84-8E67-4A9B-B16A-04246F715E1A}.Debug|x64.Build.0 = Debug|Any CPU
		{70B38E84-8E67-4A9B-B16A-04246F715E1A}.Debug|x86.ActiveCfg = Debug|Any CPU
		{70B38E84-8E67-4A9B-B16A-04246F715E1A}.Debug|x86.Build.0 = Debug|Any CPU
		{70B38E84-8E67-4A9B-B16A-04246F715E1A}.Release|Any CPU.ActiveCfg = Release|Any CPU
		{70B38E84-8E67-4A9B-B16A-04246F715E1A}.Release|Any CPU.Build.0 = Release|Any CPU
		{70B38E84-8E67-4A9B-B16A-04246F715E1A}.Release|ARM.ActiveCfg = Release|Any CPU
		{70B38E84-8E67-4A9B-B16A-04246F715E1A}.Release|ARM.Build.0 = Release|Any CPU
		{70B38E84-8E67-4A9B-B16A-04246F715E1A}.Release|x64.ActiveCfg = Release|Any CPU
		{70B38E84-8E67-4A9B-B16A-04246F715E1A}.Release|x64.Build.0 = Release|Any CPU
		{70B38E84-8E67-4A9B-B16A-04246F715E1A}.Release|x86.ActiveCfg = Release|Any CPU
		{70B38E84-8E67-4A9B-B16A-04246F715E1A}.Release|x86.Build.0 = Release|Any CPU
		{5F633B18-76F4-4EF4-85FC-F9F306EF418A}.Debug|Any CPU.ActiveCfg = Debug|Any CPU
		{5F633B18-76F4-4EF4-85FC-F9F306EF418A}.Debug|Any CPU.Build.0 = Debug|Any CPU
		{5F633B18-76F4-4EF4-85FC-F9F306EF418A}.Debug|ARM.ActiveCfg = Debug|Any CPU
		{5F633B18-76F4-4EF4-85FC-F9F306EF418A}.Debug|ARM.Build.0 = Debug|Any CPU
		{5F633B18-76F4-4EF4-85FC-F9F306EF418A}.Debug|x64.ActiveCfg = Debug|Any CPU
		{5F633B18-76F4-4EF4-85FC-F9F306EF418A}.Debug|x64.Build.0 = Debug|Any CPU
		{5F633B18-76F4-4EF4-85FC-F9F306EF418A}.Debug|x86.ActiveCfg = Debug|Any CPU
		{5F633B18-76F4-4EF4-85FC-F9F306EF418A}.Debug|x86.Build.0 = Debug|Any CPU
		{5F633B18-76F4-4EF4-85FC-F9F306EF418A}.Release|Any CPU.ActiveCfg = Release|Any CPU
		{5F633B18-76F4-4EF4-85FC-F9F306EF418A}.Release|Any CPU.Build.0 = Release|Any CPU
		{5F633B18-76F4-4EF4-85FC-F9F306EF418A}.Release|ARM.ActiveCfg = Release|Any CPU
		{5F633B18-76F4-4EF4-85FC-F9F306EF418A}.Release|ARM.Build.0 = Release|Any CPU
		{5F633B18-76F4-4EF4-85FC-F9F306EF418A}.Release|x64.ActiveCfg = Release|Any CPU
		{5F633B18-76F4-4EF4-85FC-F9F306EF418A}.Release|x64.Build.0 = Release|Any CPU
		{5F633B18-76F4-4EF4-85FC-F9F306EF418A}.Release|x86.ActiveCfg = Release|Any CPU
		{5F633B18-76F4-4EF4-85FC-F9F306EF418A}.Release|x86.Build.0 = Release|Any CPU
		{960791E0-044D-4127-9CA4-0617CEB5EFC0}.Debug|Any CPU.ActiveCfg = Debug|Any CPU
		{960791E0-044D-4127-9CA4-0617CEB5EFC0}.Debug|Any CPU.Build.0 = Debug|Any CPU
		{960791E0-044D-4127-9CA4-0617CEB5EFC0}.Debug|ARM.ActiveCfg = Debug|Any CPU
		{960791E0-044D-4127-9CA4-0617CEB5EFC0}.Debug|ARM.Build.0 = Debug|Any CPU
		{960791E0-044D-4127-9CA4-0617CEB5EFC0}.Debug|x64.ActiveCfg = Debug|Any CPU
		{960791E0-044D-4127-9CA4-0617CEB5EFC0}.Debug|x64.Build.0 = Debug|Any CPU
		{960791E0-044D-4127-9CA4-0617CEB5EFC0}.Debug|x86.ActiveCfg = Debug|Any CPU
		{960791E0-044D-4127-9CA4-0617CEB5EFC0}.Debug|x86.Build.0 = Debug|Any CPU
		{960791E0-044D-4127-9CA4-0617CEB5EFC0}.Release|Any CPU.ActiveCfg = Release|Any CPU
		{960791E0-044D-4127-9CA4-0617CEB5EFC0}.Release|Any CPU.Build.0 = Release|Any CPU
		{960791E0-044D-4127-9CA4-0617CEB5EFC0}.Release|ARM.ActiveCfg = Release|Any CPU
		{960791E0-044D-4127-9CA4-0617CEB5EFC0}.Release|ARM.Build.0 = Release|Any CPU
		{960791E0-044D-4127-9CA4-0617CEB5EFC0}.Release|x64.ActiveCfg = Release|Any CPU
		{960791E0-044D-4127-9CA4-0617CEB5EFC0}.Release|x64.Build.0 = Release|Any CPU
		{960791E0-044D-4127-9CA4-0617CEB5EFC0}.Release|x86.ActiveCfg = Release|Any CPU
		{960791E0-044D-4127-9CA4-0617CEB5EFC0}.Release|x86.Build.0 = Release|Any CPU
		{D7BA2989-C9BB-47D5-98EA-4332B33E6919}.Debug|Any CPU.ActiveCfg = Debug|Any CPU
		{D7BA2989-C9BB-47D5-98EA-4332B33E6919}.Debug|Any CPU.Build.0 = Debug|Any CPU
		{D7BA2989-C9BB-47D5-98EA-4332B33E6919}.Debug|ARM.ActiveCfg = Debug|Any CPU
		{D7BA2989-C9BB-47D5-98EA-4332B33E6919}.Debug|ARM.Build.0 = Debug|Any CPU
		{D7BA2989-C9BB-47D5-98EA-4332B33E6919}.Debug|x64.ActiveCfg = Debug|Any CPU
		{D7BA2989-C9BB-47D5-98EA-4332B33E6919}.Debug|x64.Build.0 = Debug|Any CPU
		{D7BA2989-C9BB-47D5-98EA-4332B33E6919}.Debug|x86.ActiveCfg = Debug|Any CPU
		{D7BA2989-C9BB-47D5-98EA-4332B33E6919}.Debug|x86.Build.0 = Debug|Any CPU
		{D7BA2989-C9BB-47D5-98EA-4332B33E6919}.Release|Any CPU.ActiveCfg = Release|Any CPU
		{D7BA2989-C9BB-47D5-98EA-4332B33E6919}.Release|Any CPU.Build.0 = Release|Any CPU
		{D7BA2989-C9BB-47D5-98EA-4332B33E6919}.Release|ARM.ActiveCfg = Release|Any CPU
		{D7BA2989-C9BB-47D5-98EA-4332B33E6919}.Release|ARM.Build.0 = Release|Any CPU
		{D7BA2989-C9BB-47D5-98EA-4332B33E6919}.Release|x64.ActiveCfg = Release|Any CPU
		{D7BA2989-C9BB-47D5-98EA-4332B33E6919}.Release|x64.Build.0 = Release|Any CPU
		{D7BA2989-C9BB-47D5-98EA-4332B33E6919}.Release|x86.ActiveCfg = Release|Any CPU
		{D7BA2989-C9BB-47D5-98EA-4332B33E6919}.Release|x86.Build.0 = Release|Any CPU
		{2171A441-0009-4412-8AE7-C47BA6726345}.Debug|Any CPU.ActiveCfg = Debug|Any CPU
		{2171A441-0009-4412-8AE7-C47BA6726345}.Debug|Any CPU.Build.0 = Debug|Any CPU
		{2171A441-0009-4412-8AE7-C47BA6726345}.Debug|ARM.ActiveCfg = Debug|Any CPU
		{2171A441-0009-4412-8AE7-C47BA6726345}.Debug|ARM.Build.0 = Debug|Any CPU
		{2171A441-0009-4412-8AE7-C47BA6726345}.Debug|x64.ActiveCfg = Debug|Any CPU
		{2171A441-0009-4412-8AE7-C47BA6726345}.Debug|x64.Build.0 = Debug|Any CPU
		{2171A441-0009-4412-8AE7-C47BA6726345}.Debug|x86.ActiveCfg = Debug|Any CPU
		{2171A441-0009-4412-8AE7-C47BA6726345}.Debug|x86.Build.0 = Debug|Any CPU
		{2171A441-0009-4412-8AE7-C47BA6726345}.Release|Any CPU.ActiveCfg = Release|Any CPU
		{2171A441-0009-4412-8AE7-C47BA6726345}.Release|Any CPU.Build.0 = Release|Any CPU
		{2171A441-0009-4412-8AE7-C47BA6726345}.Release|ARM.ActiveCfg = Release|Any CPU
		{2171A441-0009-4412-8AE7-C47BA6726345}.Release|ARM.Build.0 = Release|Any CPU
		{2171A441-0009-4412-8AE7-C47BA6726345}.Release|x64.ActiveCfg = Release|Any CPU
		{2171A441-0009-4412-8AE7-C47BA6726345}.Release|x64.Build.0 = Release|Any CPU
		{2171A441-0009-4412-8AE7-C47BA6726345}.Release|x86.ActiveCfg = Release|Any CPU
		{2171A441-0009-4412-8AE7-C47BA6726345}.Release|x86.Build.0 = Release|Any CPU
		{DC431214-6BA4-45E6-A151-299222F0545A}.Debug|Any CPU.ActiveCfg = Debug|Any CPU
		{DC431214-6BA4-45E6-A151-299222F0545A}.Debug|Any CPU.Build.0 = Debug|Any CPU
		{DC431214-6BA4-45E6-A151-299222F0545A}.Debug|ARM.ActiveCfg = Debug|Any CPU
		{DC431214-6BA4-45E6-A151-299222F0545A}.Debug|ARM.Build.0 = Debug|Any CPU
		{DC431214-6BA4-45E6-A151-299222F0545A}.Debug|x64.ActiveCfg = Debug|Any CPU
		{DC431214-6BA4-45E6-A151-299222F0545A}.Debug|x64.Build.0 = Debug|Any CPU
		{DC431214-6BA4-45E6-A151-299222F0545A}.Debug|x86.ActiveCfg = Debug|Any CPU
		{DC431214-6BA4-45E6-A151-299222F0545A}.Debug|x86.Build.0 = Debug|Any CPU
		{DC431214-6BA4-45E6-A151-299222F0545A}.Release|Any CPU.ActiveCfg = Release|Any CPU
		{DC431214-6BA4-45E6-A151-299222F0545A}.Release|Any CPU.Build.0 = Release|Any CPU
		{DC431214-6BA4-45E6-A151-299222F0545A}.Release|ARM.ActiveCfg = Release|Any CPU
		{DC431214-6BA4-45E6-A151-299222F0545A}.Release|ARM.Build.0 = Release|Any CPU
		{DC431214-6BA4-45E6-A151-299222F0545A}.Release|x64.ActiveCfg = Release|Any CPU
		{DC431214-6BA4-45E6-A151-299222F0545A}.Release|x64.Build.0 = Release|Any CPU
		{DC431214-6BA4-45E6-A151-299222F0545A}.Release|x86.ActiveCfg = Release|Any CPU
		{DC431214-6BA4-45E6-A151-299222F0545A}.Release|x86.Build.0 = Release|Any CPU
		{A1D38DD6-7AFC-4043-A023-D546EE885696}.Debug|Any CPU.ActiveCfg = Debug|Any CPU
		{A1D38DD6-7AFC-4043-A023-D546EE885696}.Debug|Any CPU.Build.0 = Debug|Any CPU
		{A1D38DD6-7AFC-4043-A023-D546EE885696}.Debug|ARM.ActiveCfg = Debug|Any CPU
		{A1D38DD6-7AFC-4043-A023-D546EE885696}.Debug|ARM.Build.0 = Debug|Any CPU
		{A1D38DD6-7AFC-4043-A023-D546EE885696}.Debug|x64.ActiveCfg = Debug|Any CPU
		{A1D38DD6-7AFC-4043-A023-D546EE885696}.Debug|x64.Build.0 = Debug|Any CPU
		{A1D38DD6-7AFC-4043-A023-D546EE885696}.Debug|x86.ActiveCfg = Debug|Any CPU
		{A1D38DD6-7AFC-4043-A023-D546EE885696}.Debug|x86.Build.0 = Debug|Any CPU
		{A1D38DD6-7AFC-4043-A023-D546EE885696}.Release|Any CPU.ActiveCfg = Release|Any CPU
		{A1D38DD6-7AFC-4043-A023-D546EE885696}.Release|Any CPU.Build.0 = Release|Any CPU
		{A1D38DD6-7AFC-4043-A023-D546EE885696}.Release|ARM.ActiveCfg = Release|Any CPU
		{A1D38DD6-7AFC-4043-A023-D546EE885696}.Release|ARM.Build.0 = Release|Any CPU
		{A1D38DD6-7AFC-4043-A023-D546EE885696}.Release|x64.ActiveCfg = Release|Any CPU
		{A1D38DD6-7AFC-4043-A023-D546EE885696}.Release|x64.Build.0 = Release|Any CPU
		{A1D38DD6-7AFC-4043-A023-D546EE885696}.Release|x86.ActiveCfg = Release|Any CPU
		{A1D38DD6-7AFC-4043-A023-D546EE885696}.Release|x86.Build.0 = Release|Any CPU
		{009C2B2B-7918-4986-AE87-E2B715B04CAC}.Debug|Any CPU.ActiveCfg = Debug|Any CPU
		{009C2B2B-7918-4986-AE87-E2B715B04CAC}.Debug|Any CPU.Build.0 = Debug|Any CPU
		{009C2B2B-7918-4986-AE87-E2B715B04CAC}.Debug|ARM.ActiveCfg = Debug|Any CPU
		{009C2B2B-7918-4986-AE87-E2B715B04CAC}.Debug|ARM.Build.0 = Debug|Any CPU
		{009C2B2B-7918-4986-AE87-E2B715B04CAC}.Debug|x64.ActiveCfg = Debug|Any CPU
		{009C2B2B-7918-4986-AE87-E2B715B04CAC}.Debug|x64.Build.0 = Debug|Any CPU
		{009C2B2B-7918-4986-AE87-E2B715B04CAC}.Debug|x86.ActiveCfg = Debug|Any CPU
		{009C2B2B-7918-4986-AE87-E2B715B04CAC}.Debug|x86.Build.0 = Debug|Any CPU
		{009C2B2B-7918-4986-AE87-E2B715B04CAC}.Release|Any CPU.ActiveCfg = Release|Any CPU
		{009C2B2B-7918-4986-AE87-E2B715B04CAC}.Release|Any CPU.Build.0 = Release|Any CPU
		{009C2B2B-7918-4986-AE87-E2B715B04CAC}.Release|ARM.ActiveCfg = Release|Any CPU
		{009C2B2B-7918-4986-AE87-E2B715B04CAC}.Release|ARM.Build.0 = Release|Any CPU
		{009C2B2B-7918-4986-AE87-E2B715B04CAC}.Release|x64.ActiveCfg = Release|Any CPU
		{009C2B2B-7918-4986-AE87-E2B715B04CAC}.Release|x64.Build.0 = Release|Any CPU
		{009C2B2B-7918-4986-AE87-E2B715B04CAC}.Release|x86.ActiveCfg = Release|Any CPU
		{009C2B2B-7918-4986-AE87-E2B715B04CAC}.Release|x86.Build.0 = Release|Any CPU
		{D18CB468-CD93-4F1C-939B-2A2D68332874}.Debug|Any CPU.ActiveCfg = Debug|Any CPU
		{D18CB468-CD93-4F1C-939B-2A2D68332874}.Debug|Any CPU.Build.0 = Debug|Any CPU
		{D18CB468-CD93-4F1C-939B-2A2D68332874}.Debug|ARM.ActiveCfg = Debug|Any CPU
		{D18CB468-CD93-4F1C-939B-2A2D68332874}.Debug|ARM.Build.0 = Debug|Any CPU
		{D18CB468-CD93-4F1C-939B-2A2D68332874}.Debug|x64.ActiveCfg = Debug|Any CPU
		{D18CB468-CD93-4F1C-939B-2A2D68332874}.Debug|x64.Build.0 = Debug|Any CPU
		{D18CB468-CD93-4F1C-939B-2A2D68332874}.Debug|x86.ActiveCfg = Debug|Any CPU
		{D18CB468-CD93-4F1C-939B-2A2D68332874}.Debug|x86.Build.0 = Debug|Any CPU
		{D18CB468-CD93-4F1C-939B-2A2D68332874}.Release|Any CPU.ActiveCfg = Release|Any CPU
		{D18CB468-CD93-4F1C-939B-2A2D68332874}.Release|Any CPU.Build.0 = Release|Any CPU
		{D18CB468-CD93-4F1C-939B-2A2D68332874}.Release|ARM.ActiveCfg = Release|Any CPU
		{D18CB468-CD93-4F1C-939B-2A2D68332874}.Release|ARM.Build.0 = Release|Any CPU
		{D18CB468-CD93-4F1C-939B-2A2D68332874}.Release|x64.ActiveCfg = Release|Any CPU
		{D18CB468-CD93-4F1C-939B-2A2D68332874}.Release|x64.Build.0 = Release|Any CPU
		{D18CB468-CD93-4F1C-939B-2A2D68332874}.Release|x86.ActiveCfg = Release|Any CPU
		{D18CB468-CD93-4F1C-939B-2A2D68332874}.Release|x86.Build.0 = Release|Any CPU
		{D13ABBA5-18EB-4D3C-AA8B-F377042229AB}.Debug|Any CPU.ActiveCfg = Debug|Any CPU
		{D13ABBA5-18EB-4D3C-AA8B-F377042229AB}.Debug|Any CPU.Build.0 = Debug|Any CPU
		{D13ABBA5-18EB-4D3C-AA8B-F377042229AB}.Debug|ARM.ActiveCfg = Debug|Any CPU
		{D13ABBA5-18EB-4D3C-AA8B-F377042229AB}.Debug|ARM.Build.0 = Debug|Any CPU
		{D13ABBA5-18EB-4D3C-AA8B-F377042229AB}.Debug|x64.ActiveCfg = Debug|Any CPU
		{D13ABBA5-18EB-4D3C-AA8B-F377042229AB}.Debug|x64.Build.0 = Debug|Any CPU
		{D13ABBA5-18EB-4D3C-AA8B-F377042229AB}.Debug|x86.ActiveCfg = Debug|Any CPU
		{D13ABBA5-18EB-4D3C-AA8B-F377042229AB}.Debug|x86.Build.0 = Debug|Any CPU
		{D13ABBA5-18EB-4D3C-AA8B-F377042229AB}.Release|Any CPU.ActiveCfg = Release|Any CPU
		{D13ABBA5-18EB-4D3C-AA8B-F377042229AB}.Release|Any CPU.Build.0 = Release|Any CPU
		{D13ABBA5-18EB-4D3C-AA8B-F377042229AB}.Release|ARM.ActiveCfg = Release|Any CPU
		{D13ABBA5-18EB-4D3C-AA8B-F377042229AB}.Release|ARM.Build.0 = Release|Any CPU
		{D13ABBA5-18EB-4D3C-AA8B-F377042229AB}.Release|x64.ActiveCfg = Release|Any CPU
		{D13ABBA5-18EB-4D3C-AA8B-F377042229AB}.Release|x64.Build.0 = Release|Any CPU
		{D13ABBA5-18EB-4D3C-AA8B-F377042229AB}.Release|x86.ActiveCfg = Release|Any CPU
		{D13ABBA5-18EB-4D3C-AA8B-F377042229AB}.Release|x86.Build.0 = Release|Any CPU
		{A9FF7F8C-EE85-427C-BFDF-A30924EE34C3}.Debug|Any CPU.ActiveCfg = Debug|Any CPU
		{A9FF7F8C-EE85-427C-BFDF-A30924EE34C3}.Debug|Any CPU.Build.0 = Debug|Any CPU
		{A9FF7F8C-EE85-427C-BFDF-A30924EE34C3}.Debug|ARM.ActiveCfg = Debug|Any CPU
		{A9FF7F8C-EE85-427C-BFDF-A30924EE34C3}.Debug|ARM.Build.0 = Debug|Any CPU
		{A9FF7F8C-EE85-427C-BFDF-A30924EE34C3}.Debug|x64.ActiveCfg = Debug|Any CPU
		{A9FF7F8C-EE85-427C-BFDF-A30924EE34C3}.Debug|x64.Build.0 = Debug|Any CPU
		{A9FF7F8C-EE85-427C-BFDF-A30924EE34C3}.Debug|x86.ActiveCfg = Debug|Any CPU
		{A9FF7F8C-EE85-427C-BFDF-A30924EE34C3}.Debug|x86.Build.0 = Debug|Any CPU
		{A9FF7F8C-EE85-427C-BFDF-A30924EE34C3}.Release|Any CPU.ActiveCfg = Release|Any CPU
		{A9FF7F8C-EE85-427C-BFDF-A30924EE34C3}.Release|Any CPU.Build.0 = Release|Any CPU
		{A9FF7F8C-EE85-427C-BFDF-A30924EE34C3}.Release|ARM.ActiveCfg = Release|Any CPU
		{A9FF7F8C-EE85-427C-BFDF-A30924EE34C3}.Release|ARM.Build.0 = Release|Any CPU
		{A9FF7F8C-EE85-427C-BFDF-A30924EE34C3}.Release|x64.ActiveCfg = Release|Any CPU
		{A9FF7F8C-EE85-427C-BFDF-A30924EE34C3}.Release|x64.Build.0 = Release|Any CPU
		{A9FF7F8C-EE85-427C-BFDF-A30924EE34C3}.Release|x86.ActiveCfg = Release|Any CPU
		{A9FF7F8C-EE85-427C-BFDF-A30924EE34C3}.Release|x86.Build.0 = Release|Any CPU
		{69848EA8-E9B8-41D9-A0E5-1A6E11C721AB}.Debug|Any CPU.ActiveCfg = Debug|Any CPU
		{69848EA8-E9B8-41D9-A0E5-1A6E11C721AB}.Debug|Any CPU.Build.0 = Debug|Any CPU
		{69848EA8-E9B8-41D9-A0E5-1A6E11C721AB}.Debug|ARM.ActiveCfg = Debug|Any CPU
		{69848EA8-E9B8-41D9-A0E5-1A6E11C721AB}.Debug|ARM.Build.0 = Debug|Any CPU
		{69848EA8-E9B8-41D9-A0E5-1A6E11C721AB}.Debug|x64.ActiveCfg = Debug|Any CPU
		{69848EA8-E9B8-41D9-A0E5-1A6E11C721AB}.Debug|x64.Build.0 = Debug|Any CPU
		{69848EA8-E9B8-41D9-A0E5-1A6E11C721AB}.Debug|x86.ActiveCfg = Debug|Any CPU
		{69848EA8-E9B8-41D9-A0E5-1A6E11C721AB}.Debug|x86.Build.0 = Debug|Any CPU
		{69848EA8-E9B8-41D9-A0E5-1A6E11C721AB}.Release|Any CPU.ActiveCfg = Release|Any CPU
		{69848EA8-E9B8-41D9-A0E5-1A6E11C721AB}.Release|Any CPU.Build.0 = Release|Any CPU
		{69848EA8-E9B8-41D9-A0E5-1A6E11C721AB}.Release|ARM.ActiveCfg = Release|Any CPU
		{69848EA8-E9B8-41D9-A0E5-1A6E11C721AB}.Release|ARM.Build.0 = Release|Any CPU
		{69848EA8-E9B8-41D9-A0E5-1A6E11C721AB}.Release|x64.ActiveCfg = Release|Any CPU
		{69848EA8-E9B8-41D9-A0E5-1A6E11C721AB}.Release|x64.Build.0 = Release|Any CPU
		{69848EA8-E9B8-41D9-A0E5-1A6E11C721AB}.Release|x86.ActiveCfg = Release|Any CPU
		{69848EA8-E9B8-41D9-A0E5-1A6E11C721AB}.Release|x86.Build.0 = Release|Any CPU
		{0DF5F060-31D2-4351-9507-96EEFB95B541}.Debug|Any CPU.ActiveCfg = Debug|Any CPU
		{0DF5F060-31D2-4351-9507-96EEFB95B541}.Debug|Any CPU.Build.0 = Debug|Any CPU
		{0DF5F060-31D2-4351-9507-96EEFB95B541}.Debug|ARM.ActiveCfg = Debug|Any CPU
		{0DF5F060-31D2-4351-9507-96EEFB95B541}.Debug|ARM.Build.0 = Debug|Any CPU
		{0DF5F060-31D2-4351-9507-96EEFB95B541}.Debug|x64.ActiveCfg = Debug|Any CPU
		{0DF5F060-31D2-4351-9507-96EEFB95B541}.Debug|x64.Build.0 = Debug|Any CPU
		{0DF5F060-31D2-4351-9507-96EEFB95B541}.Debug|x86.ActiveCfg = Debug|Any CPU
		{0DF5F060-31D2-4351-9507-96EEFB95B541}.Debug|x86.Build.0 = Debug|Any CPU
		{0DF5F060-31D2-4351-9507-96EEFB95B541}.Release|Any CPU.ActiveCfg = Release|Any CPU
		{0DF5F060-31D2-4351-9507-96EEFB95B541}.Release|Any CPU.Build.0 = Release|Any CPU
		{0DF5F060-31D2-4351-9507-96EEFB95B541}.Release|ARM.ActiveCfg = Release|Any CPU
		{0DF5F060-31D2-4351-9507-96EEFB95B541}.Release|ARM.Build.0 = Release|Any CPU
		{0DF5F060-31D2-4351-9507-96EEFB95B541}.Release|x64.ActiveCfg = Release|Any CPU
		{0DF5F060-31D2-4351-9507-96EEFB95B541}.Release|x64.Build.0 = Release|Any CPU
		{0DF5F060-31D2-4351-9507-96EEFB95B541}.Release|x86.ActiveCfg = Release|Any CPU
		{0DF5F060-31D2-4351-9507-96EEFB95B541}.Release|x86.Build.0 = Release|Any CPU
		{8517A9EE-E5A7-4A80-A696-8DE09210F195}.Debug|Any CPU.ActiveCfg = Debug|Any CPU
		{8517A9EE-E5A7-4A80-A696-8DE09210F195}.Debug|Any CPU.Build.0 = Debug|Any CPU
		{8517A9EE-E5A7-4A80-A696-8DE09210F195}.Debug|ARM.ActiveCfg = Debug|Any CPU
		{8517A9EE-E5A7-4A80-A696-8DE09210F195}.Debug|ARM.Build.0 = Debug|Any CPU
		{8517A9EE-E5A7-4A80-A696-8DE09210F195}.Debug|x64.ActiveCfg = Debug|Any CPU
		{8517A9EE-E5A7-4A80-A696-8DE09210F195}.Debug|x64.Build.0 = Debug|Any CPU
		{8517A9EE-E5A7-4A80-A696-8DE09210F195}.Debug|x86.ActiveCfg = Debug|Any CPU
		{8517A9EE-E5A7-4A80-A696-8DE09210F195}.Debug|x86.Build.0 = Debug|Any CPU
		{8517A9EE-E5A7-4A80-A696-8DE09210F195}.Release|Any CPU.ActiveCfg = Release|Any CPU
		{8517A9EE-E5A7-4A80-A696-8DE09210F195}.Release|Any CPU.Build.0 = Release|Any CPU
		{8517A9EE-E5A7-4A80-A696-8DE09210F195}.Release|ARM.ActiveCfg = Release|Any CPU
		{8517A9EE-E5A7-4A80-A696-8DE09210F195}.Release|ARM.Build.0 = Release|Any CPU
		{8517A9EE-E5A7-4A80-A696-8DE09210F195}.Release|x64.ActiveCfg = Release|Any CPU
		{8517A9EE-E5A7-4A80-A696-8DE09210F195}.Release|x64.Build.0 = Release|Any CPU
		{8517A9EE-E5A7-4A80-A696-8DE09210F195}.Release|x86.ActiveCfg = Release|Any CPU
		{8517A9EE-E5A7-4A80-A696-8DE09210F195}.Release|x86.Build.0 = Release|Any CPU
		{B0C5E765-CD83-40B2-AB8E-7CB971D7EE8E}.Debug|Any CPU.ActiveCfg = Debug|Any CPU
		{B0C5E765-CD83-40B2-AB8E-7CB971D7EE8E}.Debug|Any CPU.Build.0 = Debug|Any CPU
		{B0C5E765-CD83-40B2-AB8E-7CB971D7EE8E}.Debug|ARM.ActiveCfg = Debug|Any CPU
		{B0C5E765-CD83-40B2-AB8E-7CB971D7EE8E}.Debug|ARM.Build.0 = Debug|Any CPU
		{B0C5E765-CD83-40B2-AB8E-7CB971D7EE8E}.Debug|x64.ActiveCfg = Debug|Any CPU
		{B0C5E765-CD83-40B2-AB8E-7CB971D7EE8E}.Debug|x64.Build.0 = Debug|Any CPU
		{B0C5E765-CD83-40B2-AB8E-7CB971D7EE8E}.Debug|x86.ActiveCfg = Debug|Any CPU
		{B0C5E765-CD83-40B2-AB8E-7CB971D7EE8E}.Debug|x86.Build.0 = Debug|Any CPU
		{B0C5E765-CD83-40B2-AB8E-7CB971D7EE8E}.Release|Any CPU.ActiveCfg = Release|Any CPU
		{B0C5E765-CD83-40B2-AB8E-7CB971D7EE8E}.Release|Any CPU.Build.0 = Release|Any CPU
		{B0C5E765-CD83-40B2-AB8E-7CB971D7EE8E}.Release|ARM.ActiveCfg = Release|Any CPU
		{B0C5E765-CD83-40B2-AB8E-7CB971D7EE8E}.Release|ARM.Build.0 = Release|Any CPU
		{B0C5E765-CD83-40B2-AB8E-7CB971D7EE8E}.Release|x64.ActiveCfg = Release|Any CPU
		{B0C5E765-CD83-40B2-AB8E-7CB971D7EE8E}.Release|x64.Build.0 = Release|Any CPU
		{B0C5E765-CD83-40B2-AB8E-7CB971D7EE8E}.Release|x86.ActiveCfg = Release|Any CPU
		{B0C5E765-CD83-40B2-AB8E-7CB971D7EE8E}.Release|x86.Build.0 = Release|Any CPU
	EndGlobalSection
	GlobalSection(SolutionProperties) = preSolution
		HideSolutionNode = FALSE
	EndGlobalSection
	GlobalSection(NestedProjects) = preSolution
		{4C43EF6A-8460-462A-9D03-D39D675AABAB} = {6D34A3F0-5405-41FB-B4DC-8C712AFED79F}
		{5E506BB7-425B-45C9-ACAA-9F75201653BB} = {4C43EF6A-8460-462A-9D03-D39D675AABAB}
		{F928EE67-790C-491F-893E-04FFCE3FFCE5} = {4C43EF6A-8460-462A-9D03-D39D675AABAB}
		{916605F9-ECC7-469C-B74E-BD8B86B0C6C6} = {F928EE67-790C-491F-893E-04FFCE3FFCE5}
		{EAE9E0A0-2920-4C16-9A1D-A7AD2DCF7418} = {5E506BB7-425B-45C9-ACAA-9F75201653BB}
		{41AB4B52-EFD9-4F76-8113-F8580BADC1B8} = {5E506BB7-425B-45C9-ACAA-9F75201653BB}
		{AA4C9A57-AE01-4BEF-BBE1-BCC21A9BA44B} = {5E506BB7-425B-45C9-ACAA-9F75201653BB}
		{058E77CC-4A48-4383-AC52-5EA28CD126E9} = {F928EE67-790C-491F-893E-04FFCE3FFCE5}
		{CF1250B0-083A-4083-B32A-70ACDCEE8A2C} = {F928EE67-790C-491F-893E-04FFCE3FFCE5}
		{BE09A887-C75F-4038-BD26-5B9AAA049ECD} = {5E506BB7-425B-45C9-ACAA-9F75201653BB}
		{B8D52BD4-E51F-4115-BF6F-B2460C023322} = {4C43EF6A-8460-462A-9D03-D39D675AABAB}
		{A726D91E-AE79-4A91-9C22-9259A1C9D1F0} = {B8D52BD4-E51F-4115-BF6F-B2460C023322}
		{E240D0C4-12B1-468C-91FF-2531F199A1F4} = {B8D52BD4-E51F-4115-BF6F-B2460C023322}
		{70B38E84-8E67-4A9B-B16A-04246F715E1A} = {B8D52BD4-E51F-4115-BF6F-B2460C023322}
		{D7083BBC-AE91-4C03-9587-1F4075F9CE56} = {4C43EF6A-8460-462A-9D03-D39D675AABAB}
		{5F633B18-76F4-4EF4-85FC-F9F306EF418A} = {D7083BBC-AE91-4C03-9587-1F4075F9CE56}
		{960791E0-044D-4127-9CA4-0617CEB5EFC0} = {D7083BBC-AE91-4C03-9587-1F4075F9CE56}
		{D7BA2989-C9BB-47D5-98EA-4332B33E6919} = {D7083BBC-AE91-4C03-9587-1F4075F9CE56}
		{65630E2F-720E-4022-B06D-F4EEC25C0E0B} = {6D34A3F0-5405-41FB-B4DC-8C712AFED79F}
		{2171A441-0009-4412-8AE7-C47BA6726345} = {65630E2F-720E-4022-B06D-F4EEC25C0E0B}
		{62463AE1-D41D-41E2-8C0C-A1235A7BFBD8} = {4C43EF6A-8460-462A-9D03-D39D675AABAB}
		{DC431214-6BA4-45E6-A151-299222F0545A} = {62463AE1-D41D-41E2-8C0C-A1235A7BFBD8}
		{A1D38DD6-7AFC-4043-A023-D546EE885696} = {5E506BB7-425B-45C9-ACAA-9F75201653BB}
		{1CA3E755-CE17-4290-8B52-790522166211} = {4C43EF6A-8460-462A-9D03-D39D675AABAB}
		{009C2B2B-7918-4986-AE87-E2B715B04CAC} = {1CA3E755-CE17-4290-8B52-790522166211}
		{D18CB468-CD93-4F1C-939B-2A2D68332874} = {1CA3E755-CE17-4290-8B52-790522166211}
		{D13ABBA5-18EB-4D3C-AA8B-F377042229AB} = {65630E2F-720E-4022-B06D-F4EEC25C0E0B}
		{A9FF7F8C-EE85-427C-BFDF-A30924EE34C3} = {62463AE1-D41D-41E2-8C0C-A1235A7BFBD8}
		{69848EA8-E9B8-41D9-A0E5-1A6E11C721AB} = {62463AE1-D41D-41E2-8C0C-A1235A7BFBD8}
		{0DF5F060-31D2-4351-9507-96EEFB95B541} = {1CA3E755-CE17-4290-8B52-790522166211}
		{8517A9EE-E5A7-4A80-A696-8DE09210F195} = {B8D52BD4-E51F-4115-BF6F-B2460C023322}
		{B0C5E765-CD83-40B2-AB8E-7CB971D7EE8E} = {B8D52BD4-E51F-4115-BF6F-B2460C023322}
	EndGlobalSection
EndGlobal
